
Microsoft Visual Studio Solution File, Format Version 12.00
# Visual Studio Version 17
VisualStudioVersion = 17.11.35327.3
MinimumVisualStudioVersion = 10.0.40219.1
Project("{FAE04EC0-301F-11D3-BF4B-00C04F79EFBC}") = "demo_github", "demo_github\demo_github.csproj", "{B0E639A1-C665-47C4-85EA-33C20A560360}"
EndProject
Global
	GlobalSection(SolutionConfigurationPlatforms) = preSolution
		Debug|Any CPU = Debug|Any CPU
		Release|Any CPU = Release|Any CPU
	EndGlobalSection
	GlobalSection(ProjectConfigurationPlatforms) = postSolution
		{B0E639A1-C665-47C4-85EA-33C20A560360}.Debug|Any CPU.ActiveCfg = Debug|Any CPU
		{B0E639A1-C665-47C4-85EA-33C20A560360}.Debug|Any CPU.Build.0 = Debug|Any CPU
		{B0E639A1-C665-47C4-85EA-33C20A560360}.Release|Any CPU.ActiveCfg = Release|Any CPU
		{B0E639A1-C665-47C4-85EA-33C20A560360}.Release|Any CPU.Build.0 = Release|Any CPU
	EndGlobalSection
	GlobalSection(SolutionProperties) = preSolution
		HideSolutionNode = FALSE
	EndGlobalSection
	GlobalSection(ExtensibilityGlobals) = postSolution
		SolutionGuid = {19181D4D-3C66-4B02-861A-A820EB74ED2E}
	EndGlobalSection
EndGlobal
